# THIS IS AN AUTOGENERATED FILE. DO NOT EDIT THIS FILE DIRECTLY.
# yarn lockfile v1


minimist@1.2.5:
  version "1.2.5"
  resolved "https://registry.yarnpkg.com/minimist/-/minimist-1.2.5.tgz#67b9a345e53f616ccc15b0d2871e6fd1234567890"
  integrity sha512-FM9qNUhYpPld7RZtjVhUA3BJ6CflWX1ldK4eH+s8LrNv1Jl7IRf9WDdYKNlT5T8jwr9JW7JzdaNTWbFpBzJ4yA==
